// !$*UTF8*$!
{
	archiveVersion = 1;
	classes = {
	};
	objectVersion = 46;
	objects = {

/* Begin PBXBuildFile section */
		CCC787DF1DA2636E004D6325 /* AppDelegate.swift in Sources */ = {isa = PBXBuildFile; fileRef = CCC787DE1DA2636E004D6325 /* AppDelegate.swift */; };
		CCC787E11DA2636E004D6325 /* ViewController.swift in Sources */ = {isa = PBXBuildFile; fileRef = CCC787E01DA2636E004D6325 /* ViewController.swift */; };
		CCC787E31DA2636E004D6325 /* Assets.xcassets in Resources */ = {isa = PBXBuildFile; fileRef = CCC787E21DA2636E004D6325 /* Assets.xcassets */; };
		CCC787E61DA2636E004D6325 /* Main.storyboard in Resources */ = {isa = PBXBuildFile; fileRef = CCC787E41DA2636E004D6325 /* Main.storyboard */; };
		CCC787F11DA27095004D6325 /* libsqlite3.dylib in Frameworks */ = {isa = PBXBuildFile; fileRef = CCC787F01DA27095004D6325 /* libsqlite3.dylib */; };
/* End PBXBuildFile section */

/* Begin PBXFileReference section */
		CCC787DB1DA2636E004D6325 /* List ManifestDB.app */ = {isa = PBXFileReference; explicitFileType = wrapper.application; includeInIndex = 0; path = "List ManifestDB.app"; sourceTree = BUILT_PRODUCTS_DIR; };
		CCC787DE1DA2636E004D6325 /* AppDelegate.swift */ = {isa = PBXFileReference; lastKnownFileType = sourcecode.swift; path = AppDelegate.swift; sourceTree = "<group>"; };
		CCC787E01DA2636E004D6325 /* ViewController.swift */ = {isa = PBXFileReference; lastKnownFileType = sourcecode.swift; path = ViewController.swift; sourceTree = "<group>"; };
		CCC787E21DA2636E004D6325 /* Assets.xcassets */ = {isa = PBXFileReference; lastKnownFileType = folder.assetcatalog; path = Assets.xcassets; sourceTree = "<group>"; };
		CCC787E51DA2636E004D6325 /* Base */ = {isa = PBXFileReference; lastKnownFileType = file.storyboard; name = Base; path = Base.lproj/Main.storyboard; sourceTree = "<group>"; };
		CCC787E71DA2636E004D6325 /* Info.plist */ = {isa = PBXFileReference; lastKnownFileType = text.plist.xml; path = Info.plist; sourceTree = "<group>"; };
		CCC787F01DA27095004D6325 /* libsqlite3.dylib */ = {isa = PBXFileReference; lastKnownFileType = "compiled.mach-o.dylib"; name = libsqlite3.dylib; path = ../../../../usr/lib/libsqlite3.dylib; sourceTree = "<group>"; };
		CCC787F41DA2731C004D6325 /* List ManifestDB-Bridging-Header.h */ = {isa = PBXFileReference; lastKnownFileType = sourcecode.c.h; name = "List ManifestDB-Bridging-Header.h"; path = "../List ManifestDB-Bridging-Header.h"; sourceTree = "<group>"; };
/* End PBXFileReference section */

/* Begin PBXFrameworksBuildPhase section */
		CCC787D81DA2636E004D6325 /* Frameworks */ = {
			isa = PBXFrameworksBuildPhase;
			buildActionMask = 2147483647;
			files = (
				CCC787F11DA27095004D6325 /* libsqlite3.dylib in Frameworks */,
			);
			runOnlyForDeploymentPostprocessing = 0;
		};
/* End PBXFrameworksBuildPhase section */

/* Begin PBXGroup section */
		CCC787D21DA2636E004D6325 = {
			isa = PBXGroup;
			children = (
				CCC787F01DA27095004D6325 /* libsqlite3.dylib */,
				CCC787DD1DA2636E004D6325 /* List ManifestDB */,
				CCC787DC1DA2636E004D6325 /* Products */,
			);
			sourceTree = "<group>";
		};
		CCC787DC1DA2636E004D6325 /* Products */ = {
			isa = PBXGroup;
			children = (
				CCC787DB1DA2636E004D6325 /* List ManifestDB.app */,
			);
			name = Products;
			sourceTree = "<group>";
		};
		CCC787DD1DA2636E004D6325 /* List ManifestDB */ = {
			isa = PBXGroup;
			children = (
				CCC787DE1DA2636E004D6325 /* AppDelegate.swift */,
				CCC787E01DA2636E004D6325 /* ViewController.swift */,
				CCC787E21DA2636E004D6325 /* Assets.xcassets */,
				CCC787E41DA2636E004D6325 /* Main.storyboard */,
				CCC787E71DA2636E004D6325 /* Info.plist */,
				CCC787F41DA2731C004D6325 /* List ManifestDB-Bridging-Header.h */,
			);
			path = "List ManifestDB";
			sourceTree = "<group>";
		};
/* End PBXGroup section */

/* Begin PBXNativeTarget section */
		CCC787DA1DA2636E004D6325 /* List ManifestDB */ = {
			isa = PBXNativeTarget;
			buildConfigurationList = CCC787EA1DA2636E004D6325 /* Build configuration list for PBXNativeTarget "List ManifestDB" */;
			buildPhases = (
				CCC787D71DA2636E004D6325 /* Sources */,
				CCC787D81DA2636E004D6325 /* Frameworks */,
				CCC787D91DA2636E004D6325 /* Resources */,
			);
			buildRules = (
			);
			dependencies = (
			);
			name = "List ManifestDB";
			productName = "List ManifestDB";
			productReference = CCC787DB1DA2636E004D6325 /* List ManifestDB.app */;
			productType = "com.apple.product-type.application";
		};
/* End PBXNativeTarget section */

/* Begin PBXProject section */
		CCC787D31DA2636E004D6325 /* Project object */ = {
			isa = PBXProject;
			attributes = {
				LastSwiftUpdateCheck = 0800;
				LastUpgradeCheck = 0800;
				ORGANIZATIONNAME = "Erich Küster";
				TargetAttributes = {
					CCC787DA1DA2636E004D6325 = {
						CreatedOnToolsVersion = 8.0;
						LastSwiftMigration = 0800;
						ProvisioningStyle = Automatic;
					};
				};
			};
			buildConfigurationList = CCC787D61DA2636E004D6325 /* Build configuration list for PBXProject "List ManifestDB" */;
			compatibilityVersion = "Xcode 3.2";
			developmentRegion = English;
			hasScannedForEncodings = 0;
			knownRegions = (
				en,
				Base,
			);
			mainGroup = CCC787D21DA2636E004D6325;
			productRefGroup = CCC787DC1DA2636E004D6325 /* Products */;
			projectDirPath = "";
			projectRoot = "";
			targets = (
				CCC787DA1DA2636E004D6325 /* List ManifestDB */,
			);
		};
/* End PBXProject section */

/* Begin PBXResourcesBuildPhase section */
		CCC787D91DA2636E004D6325 /* Resources */ = {
			isa = PBXResourcesBuildPhase;
			buildActionMask = 2147483647;
			files = (
				CCC787E31DA2636E004D6325 /* Assets.xcassets in Resources */,
				CCC787E61DA2636E004D6325 /* Main.storyboard in Resources */,
			);
			runOnlyForDeploymentPostprocessing = 0;
		};
/* End PBXResourcesBuildPhase section */

/* Begin PBXSourcesBuildPhase section */
		CCC787D71DA2636E004D6325 /* Sources */ = {
			isa = PBXSourcesBuildPhase;
			buildActionMask = 2147483647;
			files = (
				CCC787E11DA2636E004D6325 /* ViewController.swift in Sources */,
				CCC787DF1DA2636E004D6325 /* AppDelegate.swift in Sources */,
			);
			runOnlyForDeploymentPostprocessing = 0;
		};
/* End PBXSourcesBuildPhase section */

/* Begin PBXVariantGroup section */
		CCC787E41DA2636E004D6325 /* Main.storyboard */ = {
			isa = PBXVariantGroup;
			children = (
				CCC787E51DA2636E004D6325 /* Base */,
			);
			name = Main.storyboard;
			sourceTree = "<group>";
		};
/* End PBXVariantGroup section */

/* Begin XCBuildConfiguration section */
		CCC787E81DA2636E004D6325 /* Debug */ = {
			isa = XCBuildConfiguration;
			buildSettings = {
				ALWAYS_SEARCH_USER_PATHS = NO;
				CLANG_ANALYZER_NONNULL = YES;
				CLANG_CXX_LANGUAGE_STANDARD = "gnu++0x";
				CLANG_CXX_LIBRARY = "libc++";
				CLANG_ENABLE_MODULES = YES;
				CLANG_ENABLE_OBJC_ARC = YES;
				CLANG_WARN_BOOL_CONVERSION = YES;
				CLANG_WARN_CONSTANT_CONVERSION = YES;
				CLANG_WARN_DIRECT_OBJC_ISA_USAGE = YES_ERROR;
				CLANG_WARN_DOCUMENTATION_COMMENTS = YES;
				CLANG_WARN_EMPTY_BODY = YES;
				CLANG_WARN_ENUM_CONVERSION = YES;
				CLANG_WARN_INFINITE_RECURSION = YES;
				CLANG_WARN_INT_CONVERSION = YES;
				CLANG_WARN_OBJC_ROOT_CLASS = YES_ERROR;
				CLANG_WARN_SUSPICIOUS_MOVES = YES;
				CLANG_WARN_UNREACHABLE_CODE = YES;
				CLANG_WARN__DUPLICATE_METHOD_MATCH = YES;
				CODE_SIGN_IDENTITY = "-";
				COPY_PHASE_STRIP = NO;
				DEBUG_INFORMATION_FORMAT = dwarf;
				ENABLE_STRICT_OBJC_MSGSEND = YES;
				ENABLE_TESTABILITY = YES;
				GCC_C_LANGUAGE_STANDARD = gnu99;
				GCC_DYNAMIC_NO_PIC = NO;
				GCC_NO_COMMON_BLOCKS = YES;
				GCC_OPTIMIZATION_LEVEL = 0;
				GCC_PREPROCESSOR_DEFINITIONS = (
					"DEBUG=1",
					"$(inherited)",
				);
				GCC_WARN_64_TO_32_BIT_CONVERSION = YES;
				GCC_WARN_ABOUT_RETURN_TYPE = YES_ERROR;
				GCC_WARN_UNDECLARED_SELECTOR = YES;
				GCC_WARN_UNINITIALIZED_AUTOS = YES_AGGRESSIVE;
				GCC_WARN_UNUSED_FUNCTION = YES;
				GCC_WARN_UNUSED_VARIABLE = YES;
				MACOSX_DEPLOYMENT_TARGET = 10.12;
				MTL_ENABLE_DEBUG_INFO = YES;
				ONLY_ACTIVE_ARCH = YES;
				SDKROOT = macosx;
				SWIFT_ACTIVE_COMPILATION_CONDITIONS = DEBUG;
				SWIFT_OBJC_BRIDGING_HEADER = "\"List ManifestDB-Bridging-Header\"";
				SWIFT_OPTIMIZATION_LEVEL = "-Onone";
			};
			name = Debug;
		};
		CCC787E91DA2636E004D6325 /* Release */ = {
			isa = XCBuildConfiguration;
			buildSettings = {
				ALWAYS_SEARCH_USER_PATHS = NO;
				CLANG_ANALYZER_NONNULL = YES;
				CLANG_CXX_LANGUAGE_STANDARD = "gnu++0x";
				CLANG_CXX_LIBRARY = "libc++";
				CLANG_ENABLE_MODULES = YES;
				CLANG_ENABLE_OBJC_ARC = YES;
				CLANG_WARN_BOOL_CONVERSION = YES;
				CLANG_WARN_CONSTANT_CONVERSION = YES;
				CLANG_WARN_DIRECT_OBJC_ISA_USAGE = YES_ERROR;
				CLANG_WARN_DOCUMENTATION_COMMENTS = YES;
				CLANG_WARN_EMPTY_BODY = YES;
				CLANG_WARN_ENUM_CONVERSION = YES;
				CLANG_WARN_INFINITE_RECURSION = YES;
				CLANG_WARN_INT_CONVERSION = YES;
				CLANG_WARN_OBJC_ROOT_CLASS = YES_ERROR;
				CLANG_WARN_SUSPICIOUS_MOVES = YES;
				CLANG_WARN_UNREACHABLE_CODE = YES;
				CLANG_WARN__DUPLICATE_METHOD_MATCH = YES;
				CODE_SIGN_IDENTITY = "-";
				COPY_PHASE_STRIP = NO;
				DEBUG_INFORMATION_FORMAT = "dwarf-with-dsym";
				ENABLE_NS_ASSERTIONS = NO;
				ENABLE_STRICT_OBJC_MSGSEND = YES;
				GCC_C_LANGUAGE_STANDARD = gnu99;
				GCC_NO_COMMON_BLOCKS = YES;
				GCC_WARN_64_TO_32_BIT_CONVERSION = YES;
				GCC_WARN_ABOUT_RETURN_TYPE = YES_ERROR;
				GCC_WARN_UNDECLARED_SELECTOR = YES;
				GCC_WARN_UNINITIALIZED_AUTOS = YES_AGGRESSIVE;
				GCC_WARN_UNUSED_FUNCTION = YES;
				GCC_WARN_UNUSED_VARIABLE = YES;
				MACOSX_DEPLOYMENT_TARGET = 10.12;
				MTL_ENABLE_DEBUG_INFO = NO;
				SDKROOT = macosx;
				SWIFT_OBJC_BRIDGING_HEADER = "\"List ManifestDB-Bridging-Header\"";
				SWIFT_OPTIMIZATION_LEVEL = "-Owholemodule";
			};
			name = Release;
		};
		CCC787EB1DA2636E004D6325 /* Debug */ = {
			isa = XCBuildConfiguration;
			buildSettings = {
				ASSETCATALOG_COMPILER_APPICON_NAME = AppIcon;
				CLANG_ENABLE_MODULES = YES;
				COMBINE_HIDPI_IMAGES = YES;
				INFOPLIST_FILE = "List ManifestDB/Info.plist";
				LD_RUNPATH_SEARCH_PATHS = "$(inherited) @executable_path/../Frameworks";
				PRODUCT_BUNDLE_IDENTIFIER = "com.kuester.List-ManifestDB";
				PRODUCT_NAME = "$(TARGET_NAME)";
				SWIFT_OBJC_BRIDGING_HEADER = "List ManifestDB-Bridging-Header.h";
				SWIFT_OPTIMIZATION_LEVEL = "-Onone";
				SWIFT_VERSION = 3.0;
			};
			name = Debug;
		};
		CCC787EC1DA2636E004D6325 /* Release */ = {
			isa = XCBuildConfiguration;
			buildSettings = {
				ASSETCATALOG_COMPILER_APPICON_NAME = AppIcon;
				CLANG_ENABLE_MODULES = YES;
				COMBINE_HIDPI_IMAGES = YES;
				INFOPLIST_FILE = "List ManifestDB/Info.plist";
				LD_RUNPATH_SEARCH_PATHS = "$(inherited) @executable_path/../Frameworks";
				PRODUCT_BUNDLE_IDENTIFIER = "com.kuester.List-ManifestDB";
				PRODUCT_NAME = "$(TARGET_NAME)";
				SWIFT_OBJC_BRIDGING_HEADER = "List ManifestDB-Bridging-Header.h";
				SWIFT_VERSION = 3.0;
			};
			name = Release;
		};
/* End XCBuildConfiguration section */

/* Begin XCConfigurationList section */
		CCC787D61DA2636E004D6325 /* Build configuration list for PBXProject "List ManifestDB" */ = {
			isa = XCConfigurationList;
			buildConfigurations = (
				CCC787E81DA2636E004D6325 /* Debug */,
				CCC787E91DA2636E004D6325 /* Release */,
			);
			defaultConfigurationIsVisible = 0;
			defaultConfigurationName = Release;
		};
		CCC787EA1DA2636E004D6325 /* Build configuration list for PBXNativeTarget "List ManifestDB" */ = {
			isa = XCConfigurationList;
			buildConfigurations = (
				CCC787EB1DA2636E004D6325 /* Debug */,
				CCC787EC1DA2636E004D6325 /* Release */,
			);
			defaultConfigurationIsVisible = 0;
		};
/* End XCConfigurationList section */
	};
	rootObject = CCC787D31DA2636E004D6325 /* Project object */;
}
